
Microsoft Visual Studio Solution File, Format Version 12.00
# Visual Studio Version 16
VisualStudioVersion = 16.0.29001.49
MinimumVisualStudioVersion = 10.0.40219.1
Project("{FAE04EC0-301F-11D3-BF4B-00C04F79EFBC}") = "ERP_Api", "ERP_Api.csproj", "{5E74DB8E-E60A-4346-8626-0ED98235750E}"
EndProject
Global
	GlobalSection(SolutionConfigurationPlatforms) = preSolution
		Debug|Any CPU = Debug|Any CPU
		Release|Any CPU = Release|Any CPU
	EndGlobalSection
	GlobalSection(ProjectConfigurationPlatforms) = postSolution
		{5E74DB8E-E60A-4346-8626-0ED98235750E}.Debug|Any CPU.ActiveCfg = Debug|Any CPU
		{5E74DB8E-E60A-4346-8626-0ED98235750E}.Debug|Any CPU.Build.0 = Debug|Any CPU
		{5E74DB8E-E60A-4346-8626-0ED98235750E}.Release|Any CPU.ActiveCfg = Release|Any CPU
		{5E74DB8E-E60A-4346-8626-0ED98235750E}.Release|Any CPU.Build.0 = Release|Any CPU
	EndGlobalSection
	GlobalSection(SolutionProperties) = preSolution
		HideSolutionNode = FALSE
	EndGlobalSection
	GlobalSection(ExtensibilityGlobals) = postSolution
		SolutionGuid = {84B43091-FBD6-46D7-97B9-04AEBF527D5C}
	EndGlobalSection
EndGlobal
